{
  "name": "chainlink",
  "version": "1.0.0",
  "lockfileVersion": 2,
  "requires": true,
  "packages": {
    "": {
      "name": "chainlink",
      "version": "1.0.0",
      "license": "ISC",
      "dependencies": {
        "@chainlink/contracts": "^0.4.0"
      }
    },
    "node_modules/@chainlink/contracts": {
      "version": "0.4.0",
      "resolved": "https://registry.npmjs.org/@chainlink/contracts/-/contracts-0.4.0.tgz",
      "integrity": "sha512-yZGeCBd7d+qxfw9r/JxtPzsW2kCc6MorPRZ/tDKnaJI98H99j5P2Fosfehmcwk6wVZlz+0Bp4kS1y480nw3Zow=="
    }
  },
  "dependencies": {
    "@chainlink/contracts": {
      "version": "0.4.0",
      "resolved": "https://registry.npmjs.org/@chainlink/contracts/-/contracts-0.4.0.tgz",
      "integrity": "sha512-yZGeCBd7d+qxfw9r/JxtPzsW2kCc6MorPRZ/tDKnaJI98H99j5P2Fosfehmcwk6wVZlz+0Bp4kS1y480nw3Zow=="
    }
  }
}
